{
    "behat/mink": {
        "version": "v1.10.0"
    },
    "dflydev/dot-access-data": {
        "version": "v3.0.1"
    },
    "doctrine/cache": {
        "version": "2.2.0"
    },
    "doctrine/collections": {
        "version": "1.6.8"
    },
    "doctrine/common": {
        "version": "3.3.0"
    },
    "doctrine/dbal": {
        "version": "3.3.6"
    },
    "doctrine/deprecations": {
        "version": "v1.0.0"
    },
    "doctrine/doctrine-bundle": {
        "version": "2.12",
        "recipe": {
            "repo": "github.com/symfony/recipes",
            "branch": "main",
            "version": "2.12",
            "ref": "32f890075233ac4a1176e848a0f8e932ac6536d6"
        },
        "files": [
            "config/packages/doctrine.yaml",
            "src/Entity/.gitignore",
            "src/Repository/.gitignore"
        ]
    },
    "doctrine/doctrine-migrations-bundle": {
        "version": "3.2",
        "recipe": {
            "repo": "github.com/symfony/recipes",
            "branch": "main",
            "version": "3.1",
            "ref": "1d01ec03c6ecbd67c3375c5478c9a423ae5d6a33"
        },
        "files": [
            "config/packages/doctrine_migrations.yaml",
            "migrations/.gitignore"
        ]
    },
    "doctrine/event-manager": {
        "version": "1.1.1"
    },
    "doctrine/inflector": {
        "version": "2.0.4"
    },
    "doctrine/instantiator": {
        "version": "1.4.1"
    },
    "doctrine/lexer": {
        "version": "1.2.3"
    },
    "doctrine/migrations": {
        "version": "3.5.1"
    },
    "doctrine/orm": {
        "version": "2.12.2"
    },
    "doctrine/persistence": {
        "version": "3.0.2"
    },
    "doctrine/sql-formatter": {
        "version": "1.1.2"
    },
    "guzzlehttp/psr7": {
        "version": "2.2.1"
    },
    "intervention/image": {
        "version": "2.7.2"
    },
    "kornrunner/blurhash": {
        "version": "v1.2.1"
    },
    "lcobucci/clock": {
        "version": "2.1.0"
    },
    "lcobucci/jwt": {
        "version": "4.1.5"
    },
    "league/commonmark": {
        "version": "2.3.3"
    },
    "league/config": {
        "version": "v1.1.1"
    },
    "monolog/monolog": {
        "version": "2.5.0"
    },
    "myclabs/deep-copy": {
        "version": "1.11.0"
    },
    "nette/schema": {
        "version": "v1.2.2"
    },
    "nette/utils": {
        "version": "v3.2.7"
    },
    "nikic/php-parser": {
        "version": "v4.14.0"
    },
    "phar-io/manifest": {
        "version": "2.0.3"
    },
    "phar-io/version": {
        "version": "3.2.1"
    },
    "phpunit/php-code-coverage": {
        "version": "9.2.15"
    },
    "phpunit/php-file-iterator": {
        "version": "3.0.6"
    },
    "phpunit/php-invoker": {
        "version": "3.1.1"
    },
    "phpunit/php-text-template": {
        "version": "2.0.4"
    },
    "phpunit/php-timer": {
        "version": "5.0.3"
    },
    "phpunit/phpunit": {
        "version": "9.6",
        "recipe": {
            "repo": "github.com/symfony/recipes",
            "branch": "main",
            "version": "9.6",
            "ref": "7364a21d87e658eb363c5020c072ecfdc12e2326"
        },
        "files": [
            ".env.test",
            "phpunit.xml.dist",
            "tests/bootstrap.php"
        ]
    },
    "psr/cache": {
        "version": "3.0.0"
    },
    "psr/container": {
        "version": "2.0.2"
    },
    "psr/event-dispatcher": {
        "version": "1.0.0"
    },
    "psr/http-factory": {
        "version": "1.0.1"
    },
    "psr/http-message": {
        "version": "1.0.1"
    },
    "psr/link": {
        "version": "2.0.1"
    },
    "psr/log": {
        "version": "3.0.0"
    },
    "ralouphie/getallheaders": {
        "version": "3.0.3"
    },
    "sebastian/cli-parser": {
        "version": "1.0.1"
    },
    "sebastian/code-unit": {
        "version": "1.0.8"
    },
    "sebastian/code-unit-reverse-lookup": {
        "version": "2.0.3"
    },
    "sebastian/comparator": {
        "version": "4.0.6"
    },
    "sebastian/complexity": {
        "version": "2.0.2"
    },
    "sebastian/diff": {
        "version": "4.0.4"
    },
    "sebastian/environment": {
        "version": "5.1.4"
    },
    "sebastian/exporter": {
        "version": "4.0.4"
    },
    "sebastian/global-state": {
        "version": "5.0.5"
    },
    "sebastian/lines-of-code": {
        "version": "1.0.3"
    },
    "sebastian/object-enumerator": {
        "version": "4.0.4"
    },
    "sebastian/object-reflector": {
        "version": "2.0.4"
    },
    "sebastian/recursion-context": {
        "version": "4.0.4"
    },
    "sebastian/resource-operations": {
        "version": "3.0.3"
    },
    "sebastian/type": {
        "version": "3.0.0"
    },
    "sebastian/version": {
        "version": "3.0.2"
    },
    "stella-maris/clock": {
        "version": "0.1.4"
    },
    "symfony/asset-mapper": {
        "version": "6.4",
        "recipe": {
            "repo": "github.com/symfony/recipes",
            "branch": "main",
            "version": "6.4",
            "ref": "6c28c471640cc2c6e60812ebcb961c526ef8997f"
        },
        "files": [
            "assets/app.js",
            "assets/styles/app.css",
            "config/packages/asset_mapper.yaml",
            "importmap.php"
        ]
    },
    "symfony/browser-kit": {
        "version": "v6.0.3"
    },
    "symfony/cache": {
        "version": "v6.0.6"
    },
    "symfony/cache-contracts": {
        "version": "v3.0.1"
    },
    "symfony/config": {
        "version": "v6.0.7"
    },
    "symfony/console": {
        "version": "6.4",
        "recipe": {
            "repo": "github.com/symfony/recipes",
            "branch": "main",
            "version": "5.3",
            "ref": "1781ff40d8a17d87cf53f8d4cf0c8346ed2bb461"
        },
        "files": [
            "bin/console"
        ]
    },
    "symfony/css-selector": {
        "version": "v6.0.3"
    },
    "symfony/debug-bundle": {
        "version": "6.0",
        "recipe": {
            "repo": "github.com/symfony/recipes",
            "branch": "master",
            "version": "5.3",
            "ref": "5aa8aa48234c8eb6dbdd7b3cd5d791485d2cec4b"
        },
        "files": [
            "config/packages/debug.yaml"
        ]
    },
    "symfony/dependency-injection": {
        "version": "v6.0.7"
    },
    "symfony/deprecation-contracts": {
        "version": "v3.0.1"
    },
    "symfony/doctrine-bridge": {
        "version": "v6.0.9"
    },
    "symfony/dom-crawler": {
        "version": "v6.0.9"
    },
    "symfony/dotenv": {
        "version": "v6.0.5"
    },
    "symfony/error-handler": {
        "version": "v6.0.7"
    },
    "symfony/event-dispatcher": {
        "version": "v6.0.3"
    },
    "symfony/event-dispatcher-contracts": {
        "version": "v3.0.1"
    },
    "symfony/filesystem": {
        "version": "v6.0.7"
    },
    "symfony/finder": {
        "version": "v6.0.3"
    },
    "symfony/flex": {
        "version": "2.2",
        "recipe": {
            "repo": "github.com/symfony/recipes",
            "branch": "main",
            "version": "1.0",
            "ref": "146251ae39e06a95be0fe3d13c807bcf3938b172"
        },
        "files": [
            ".env"
        ]
    },
    "symfony/form": {
        "version": "v6.0.7"
    },
    "symfony/framework-bundle": {
        "version": "7.0",
        "recipe": {
            "repo": "github.com/symfony/recipes",
            "branch": "main",
            "version": "7.0",
            "ref": "6356c19b9ae08e7763e4ba2d9ae63043efc75db5"
        },
        "files": [
            "config/packages/cache.yaml",
            "config/packages/framework.yaml",
            "config/preload.php",
            "config/routes/framework.yaml",
            "config/services.yaml",
            "public/index.php",
            "src/Controller/.gitignore",
            "src/Kernel.php"
        ]
    },
    "symfony/http-client": {
        "version": "v6.0.7"
    },
    "symfony/http-client-contracts": {
        "version": "v3.0.1"
    },
    "symfony/http-foundation": {
        "version": "v6.0.7"
    },
    "symfony/http-kernel": {
        "version": "v6.0.7"
    },
    "symfony/maker-bundle": {
        "version": "1.43",
        "recipe": {
            "repo": "github.com/symfony/recipes",
            "branch": "main",
            "version": "1.0",
            "ref": "fadbfe33303a76e25cb63401050439aa9b1a9c7f"
        }
    },
    "symfony/mercure": {
        "version": "v0.6.1"
    },
    "symfony/mercure-bundle": {
        "version": "0.3",
        "recipe": {
            "repo": "github.com/symfony/recipes",
            "branch": "main",
            "version": "0.3",
            "ref": "d097c114aae82c5bc88d48ac164fe523f1003292"
        },
        "files": [
            "config/packages/mercure.yaml"
        ]
    },
    "symfony/mercure-notifier": {
        "version": "6.4",
        "recipe": {
            "repo": "github.com/symfony/recipes",
            "branch": "main",
            "version": "5.3",
            "ref": "98a27687305d236709390ff01d7a6a9818735b97"
        }
    },
    "symfony/monolog-bridge": {
        "version": "v6.0.3"
    },
    "symfony/monolog-bundle": {
        "version": "3.10",
        "recipe": {
            "repo": "github.com/symfony/recipes",
            "branch": "main",
            "version": "3.7",
            "ref": "aff23899c4440dd995907613c1dd709b6f59503f"
        },
        "files": [
            "config/packages/monolog.yaml"
        ]
    },
    "symfony/notifier": {
        "version": "6.4",
        "recipe": {
            "repo": "github.com/symfony/recipes",
            "branch": "main",
            "version": "5.0",
            "ref": "178877daf79d2dbd62129dd03612cb1a2cb407cc"
        },
        "files": [
            "config/packages/notifier.yaml"
        ]
    },
    "symfony/options-resolver": {
        "version": "v6.0.3"
    },
    "symfony/phpunit-bridge": {
        "version": "6.4",
        "recipe": {
            "repo": "github.com/symfony/recipes",
            "branch": "main",
            "version": "6.3",
            "ref": "a411a0480041243d97382cac7984f7dce7813c08"
        },
        "files": [
            ".env.test",
            "bin/phpunit",
            "phpunit.xml.dist",
            "tests/bootstrap.php"
        ]
    },
    "symfony/polyfill-intl-grapheme": {
        "version": "v1.25.0"
    },
    "symfony/polyfill-intl-icu": {
        "version": "v1.25.0"
    },
    "symfony/polyfill-intl-normalizer": {
        "version": "v1.25.0"
    },
    "symfony/polyfill-mbstring": {
        "version": "v1.25.0"
    },
    "symfony/property-access": {
        "version": "v6.0.7"
    },
    "symfony/property-info": {
        "version": "v6.0.7"
    },
    "symfony/routing": {
        "version": "7.0",
        "recipe": {
            "repo": "github.com/symfony/recipes",
            "branch": "main",
            "version": "7.0",
            "ref": "21b72649d5622d8f7da329ffb5afb232a023619d"
        },
        "files": [
            "config/packages/routing.yaml",
            "config/routes.yaml"
        ]
    },
    "symfony/runtime": {
        "version": "v6.0.7"
    },
    "symfony/serializer": {
        "version": "v6.0.7"
    },
    "symfony/service-contracts": {
        "version": "v3.0.1"
    },
    "symfony/stimulus-bundle": {
        "version": "2.9999999",
        "recipe": {
            "repo": "github.com/symfony/recipes",
            "branch": "main",
            "version": "2.13",
            "ref": "6acd9ff4f7fd5626d2962109bd4ebab351d43c43"
        },
        "files": [
            "assets/bootstrap.js",
            "assets/controllers.json",
            "assets/controllers/hello_controller.js"
        ]
    },
    "symfony/stopwatch": {
        "version": "v6.0.5"
    },
    "symfony/string": {
        "version": "v6.0.3"
    },
    "symfony/translation": {
        "version": "6.4",
        "recipe": {
            "repo": "github.com/symfony/recipes",
            "branch": "main",
            "version": "6.3",
            "ref": "e28e27f53663cc34f0be2837aba18e3a1bef8e7b"
        },
        "files": [
            "config/packages/translation.yaml",
            "translations/.gitignore"
        ]
    },
    "symfony/translation-contracts": {
        "version": "v3.0.1"
    },
    "symfony/twig-bridge": {
        "version": "v6.0.7"
    },
    "symfony/twig-bundle": {
        "version": "6.4",
        "recipe": {
            "repo": "github.com/symfony/recipes",
            "branch": "main",
            "version": "6.4",
            "ref": "cab5fd2a13a45c266d45a7d9337e28dee6272877"
        },
        "files": [
            "config/packages/twig.yaml",
            "templates/base.html.twig"
        ]
    },
    "symfony/uid": {
        "version": "7.0",
        "recipe": {
            "repo": "github.com/symfony/recipes",
            "branch": "main",
            "version": "7.0",
            "ref": "0df5844274d871b37fc3816c57a768ffc60a43a5"
        },
        "files": []
    },
    "symfony/ux-autocomplete": {
        "version": "2.9999999",
        "recipe": {
            "repo": "github.com/symfony/recipes",
            "branch": "main",
            "version": "2.6",
            "ref": "07d9602b7231ba355f484305d6cea58310c01741"
        },
        "files": [
            "config/routes/ux_autocomplete.yaml"
        ]
    },
    "symfony/ux-chartjs": {
        "version": "v2.1.0"
    },
    "symfony/ux-cropperjs": {
        "version": "v2.1.1"
    },
    "symfony/ux-dropzone": {
        "version": "v2.1.1"
    },
    "symfony/ux-icons": {
        "version": "2.17",
        "recipe": {
            "repo": "github.com/symfony/recipes",
            "branch": "main",
            "version": "2.17",
            "ref": "803a3bbd5893f9584969ab8670290cdfb6a0a5b5"
        },
        "files": [
            "assets/icons/symfony.svg"
        ]
    },
    "symfony/ux-lazy-image": {
        "version": "v2.1.1"
    },
    "symfony/ux-leaflet-map": {
        "version": "2.19",
        "recipe": {
            "repo": "github.com/symfony/recipes",
            "branch": "main",
            "version": "2.19",
            "ref": "e696e4124071004125072f3b582a2b7e43ad58c1"
        }
    },
    "symfony/ux-live-component": {
        "version": "2.9999999",
        "recipe": {
            "repo": "github.com/symfony/recipes",
            "branch": "main",
            "version": "2.6",
            "ref": "73e69baf18f47740d6f58688c5464b10cdacae06"
        },
        "files": [
            "config/routes/ux_live_component.yaml"
        ]
    },
    "symfony/ux-map": {
        "version": "2.19",
        "recipe": {
            "repo": "github.com/symfony/recipes",
            "branch": "main",
            "version": "2.19",
            "ref": "04de870967555f00bd82f542e9e2d29683c3d39e"
        },
        "files": [
            "config/packages/ux_map.yaml"
        ]
    },
    "symfony/ux-notify": {
        "version": "2.x-dev"
    },
    "symfony/ux-react": {
        "version": "2.x-dev"
    },
    "symfony/ux-svelte": {
        "version": "2.x-dev"
    },
    "symfony/ux-swup": {
        "version": "v2.1.1"
    },
    "symfony/ux-toggle-password": {
        "version": "2.x-dev"
    },
    "symfony/ux-translator": {
        "version": "2.9999999",
        "recipe": {
            "repo": "github.com/symfony/recipes",
            "branch": "main",
            "version": "2.9",
            "ref": "bc396565cc4cab95692dd6df810553dc22e352e1"
        },
        "files": [
            "assets/translator.js",
            "config/packages/ux_translator.yaml",
            "var/translations/configuration.js",
            "var/translations/index.js"
        ]
    },
    "symfony/ux-turbo": {
        "version": "v2.1.0"
    },
    "symfony/ux-twig-component": {
        "version": "v2.1.0"
    },
    "symfony/ux-typed": {
        "version": "2.x-dev"
    },
    "symfony/ux-vue": {
        "version": "2.x-dev"
    },
    "symfony/validator": {
        "version": "7.0",
        "recipe": {
            "repo": "github.com/symfony/recipes",
            "branch": "main",
            "version": "7.0",
            "ref": "8c1c4e28d26a124b0bb273f537ca8ce443472bfd"
        },
        "files": [
            "config/packages/validator.yaml"
        ]
    },
    "symfony/var-dumper": {
        "version": "v6.0.6"
    },
    "symfony/var-exporter": {
        "version": "v6.0.7"
    },
    "symfony/web-link": {
        "version": "v6.0.3"
    },
    "symfony/web-profiler-bundle": {
        "version": "6.4",
        "recipe": {
            "repo": "github.com/symfony/recipes",
            "branch": "main",
            "version": "6.1",
            "ref": "e42b3f0177df239add25373083a564e5ead4e13a"
        },
        "files": [
            "config/packages/web_profiler.yaml",
            "config/routes/web_profiler.yaml"
        ]
    },
    "symfony/yaml": {
        "version": "v6.0.3"
    },
    "symfonycasts/sass-bundle": {
        "version": "v0.1.0"
    },
    "theseer/tokenizer": {
        "version": "1.2.1"
    },
    "twig/extra-bundle": {
        "version": "v3.3.8"
    },
    "twig/markdown-extra": {
        "version": "v3.4.0"
    },
    "twig/twig": {
        "version": "v3.3.10"
    },
    "vincentlanglet/twig-cs-fixer": {
        "version": "2.8",
        "recipe": {
            "repo": "github.com/symfony/recipes-contrib",
            "branch": "main",
            "version": "0.6",
            "ref": "e4da12a48e8138479bd24a675321bcfd84950266"
        }
    },
    "zenstruck/assert": {
        "version": "v1.0.1"
    },
    "zenstruck/browser": {
        "version": "v1.1.0"
    },
    "zenstruck/callback": {
        "version": "v1.4.2"
    },
    "zenstruck/foundry": {
        "version": "1.33",
        "recipe": {
            "repo": "github.com/symfony/recipes",
            "branch": "main",
            "version": "1.10",
            "ref": "37c2f894cc098ab4c08874b80cccc8e2f8de7976"
        },
        "files": [
            "config/packages/zenstruck_foundry.yaml"
        ]
    }
}
