{
    "symfony/console": {
        "version": "7.2",
        "recipe": {
            "repo": "github.com/symfony/recipes",
            "branch": "main",
            "version": "5.3",
            "ref": "1781ff40d8a17d87cf53f8d4cf0c8346ed2bb461"
        },
        "files": [
            "bin/console"
        ]
    },
    "symfony/flex": {
        "version": "2.4",
        "recipe": {
            "repo": "github.com/symfony/recipes",
            "branch": "main",
            "version": "2.4",
            "ref": "52e9754527a15e2b79d9a610f98185a1fe46622a"
        },
        "files": [
            ".env",
            ".env.dev"
        ]
    },
    "symfony/form": {
        "version": "7.2",
        "recipe": {
            "repo": "github.com/symfony/recipes",
            "branch": "main",
            "version": "7.2",
            "ref": "7d86a6723f4a623f59e2bf966b6aad2fc461d36b"
        },
        "files": [
            "config/packages/csrf.yaml"
        ]
    },
    "symfony/framework-bundle": {
        "version": "7.2",
        "recipe": {
            "repo": "github.com/symfony/recipes",
            "branch": "main",
            "version": "7.2",
            "ref": "87bcf6f7c55201f345d8895deda46d2adbdbaa89"
        },
        "files": [
            "config/packages/cache.yaml",
            "config/packages/framework.yaml",
            "config/preload.php",
            "config/routes/framework.yaml",
            "config/services.yaml",
            "public/index.php",
            "src/Controller/.gitignore",
            "src/Kernel.php"
        ]
    },
    "symfony/mercure-bundle": {
        "version": "0.3",
        "recipe": {
            "repo": "github.com/symfony/recipes",
            "branch": "main",
            "version": "0.3",
            "ref": "528285147494380298f8f991ee8c47abebaf79db"
        },
        "files": [
            "config/packages/mercure.yaml"
        ]
    },
    "symfony/mercure-notifier": {
        "version": "7.2",
        "recipe": {
            "repo": "github.com/symfony/recipes",
            "branch": "main",
            "version": "5.3",
            "ref": "98a27687305d236709390ff01d7a6a9818735b97"
        }
    },
    "symfony/notifier": {
        "version": "7.2",
        "recipe": {
            "repo": "github.com/symfony/recipes",
            "branch": "main",
            "version": "5.0",
            "ref": "178877daf79d2dbd62129dd03612cb1a2cb407cc"
        },
        "files": [
            "config/packages/notifier.yaml"
        ]
    },
    "symfony/routing": {
        "version": "7.2",
        "recipe": {
            "repo": "github.com/symfony/recipes",
            "branch": "main",
            "version": "7.0",
            "ref": "21b72649d5622d8f7da329ffb5afb232a023619d"
        },
        "files": [
            "config/packages/routing.yaml",
            "config/routes.yaml"
        ]
    },
    "symfony/stimulus-bundle": {
        "version": "2.23",
        "recipe": {
            "repo": "github.com/symfony/recipes",
            "branch": "main",
            "version": "2.20",
            "ref": "3acc494b566816514a6873a89023a35440b6386d"
        },
        "files": [
            "assets/bootstrap.js",
            "assets/controllers.json",
            "assets/controllers/csrf_protection_controller.js",
            "assets/controllers/hello_controller.js"
        ]
    },
    "symfony/translation": {
        "version": "7.2",
        "recipe": {
            "repo": "github.com/symfony/recipes",
            "branch": "main",
            "version": "6.3",
            "ref": "e28e27f53663cc34f0be2837aba18e3a1bef8e7b"
        },
        "files": [
            "config/packages/translation.yaml",
            "translations/.gitignore"
        ]
    },
    "symfony/twig-bundle": {
        "version": "7.2",
        "recipe": {
            "repo": "github.com/symfony/recipes",
            "branch": "main",
            "version": "6.4",
            "ref": "cab5fd2a13a45c266d45a7d9337e28dee6272877"
        },
        "files": [
            "config/packages/twig.yaml",
            "templates/base.html.twig"
        ]
    },
    "symfony/ux-autocomplete": {
        "version": "2.23",
        "recipe": {
            "repo": "github.com/symfony/recipes",
            "branch": "main",
            "version": "2.6",
            "ref": "07d9602b7231ba355f484305d6cea58310c01741"
        },
        "files": [
            "config/routes/ux_autocomplete.yaml"
        ]
    },
    "symfony/ux-chartjs": {
        "version": "v2.23.0"
    },
    "symfony/ux-cropperjs": {
        "version": "v2.23.0"
    },
    "symfony/ux-dropzone": {
        "version": "v2.23.0"
    },
    "symfony/ux-google-map": {
        "version": "2.23",
        "recipe": {
            "repo": "github.com/symfony/recipes",
            "branch": "main",
            "version": "2.22",
            "ref": "eb432453bc0c173074427dad1b2fb4dab2137769"
        }
    },
    "symfony/ux-icons": {
        "version": "2.23",
        "recipe": {
            "repo": "github.com/symfony/recipes",
            "branch": "main",
            "version": "2.17",
            "ref": "803a3bbd5893f9584969ab8670290cdfb6a0a5b5"
        },
        "files": [
            "assets/icons/symfony.svg"
        ]
    },
    "symfony/ux-lazy-image": {
        "version": "2.23",
        "recipe": {
            "repo": "github.com/symfony/recipes",
            "branch": "main",
            "version": "2.18",
            "ref": "f6554b7efe60280645ac979c80700f66b8432131"
        },
        "files": [
            "config/packages/lazy_image.yaml"
        ]
    },
    "symfony/ux-leaflet-map": {
        "version": "2.23",
        "recipe": {
            "repo": "github.com/symfony/recipes",
            "branch": "main",
            "version": "2.19",
            "ref": "bed7e7f6d7c04e0de9665859ddbf0e842e5323e3"
        }
    },
    "symfony/ux-live-component": {
        "version": "2.23",
        "recipe": {
            "repo": "github.com/symfony/recipes",
            "branch": "main",
            "version": "2.6",
            "ref": "73e69baf18f47740d6f58688c5464b10cdacae06"
        },
        "files": [
            "config/routes/ux_live_component.yaml"
        ]
    },
    "symfony/ux-map": {
        "version": "2.23",
        "recipe": {
            "repo": "github.com/symfony/recipes",
            "branch": "main",
            "version": "2.19",
            "ref": "04de870967555f00bd82f542e9e2d29683c3d39e"
        },
        "files": [
            "config/packages/ux_map.yaml"
        ]
    },
    "symfony/ux-notify": {
        "version": "v2.23.0"
    },
    "symfony/ux-react": {
        "version": "2.23",
        "recipe": {
            "repo": "github.com/symfony/recipes",
            "branch": "main",
            "version": "2.9",
            "ref": "e970076b31d602ae6e2106cf91a82c7e1f7ddff2"
        },
        "files": [
            "assets/react/controllers/Hello.jsx"
        ]
    },
    "symfony/ux-svelte": {
        "version": "2.23",
        "recipe": {
            "repo": "github.com/symfony/recipes",
            "branch": "main",
            "version": "2.9",
            "ref": "4a6ee82d817d4e9be8d4a861476a112011d701e1"
        },
        "files": [
            "assets/svelte/controllers/Hello.svelte"
        ]
    },
    "symfony/ux-swup": {
        "version": "v2.23.0"
    },
    "symfony/ux-toggle-password": {
        "version": "v2.23.0"
    },
    "symfony/ux-translator": {
        "version": "2.23",
        "recipe": {
            "repo": "github.com/symfony/recipes",
            "branch": "main",
            "version": "2.9",
            "ref": "bc396565cc4cab95692dd6df810553dc22e352e1"
        },
        "files": [
            "assets/translator.js",
            "config/packages/ux_translator.yaml",
            "var/translations/configuration.js",
            "var/translations/index.js"
        ]
    },
    "symfony/ux-turbo": {
        "version": "2.23",
        "recipe": {
            "repo": "github.com/symfony/recipes",
            "branch": "main",
            "version": "2.20",
            "ref": "c85ff94da66841d7ff087c19cbcd97a2df744ef9"
        }
    },
    "symfony/ux-twig-component": {
        "version": "2.23",
        "recipe": {
            "repo": "github.com/symfony/recipes",
            "branch": "main",
            "version": "2.13",
            "ref": "67814b5f9794798b885cec9d3f48631424449a01"
        },
        "files": [
            "config/packages/twig_component.yaml"
        ]
    },
    "symfony/ux-typed": {
        "version": "v2.23.0"
    },
    "symfony/ux-vue": {
        "version": "2.23",
        "recipe": {
            "repo": "github.com/symfony/recipes",
            "branch": "main",
            "version": "2.9",
            "ref": "7a6b5e211acc7b10b7190e704b40f6d2bca01adf"
        },
        "files": [
            "assets/vue/controllers/Hello.vue"
        ]
    },
    "symfony/validator": {
        "version": "7.2",
        "recipe": {
            "repo": "github.com/symfony/recipes",
            "branch": "main",
            "version": "7.0",
            "ref": "8c1c4e28d26a124b0bb273f537ca8ce443472bfd"
        },
        "files": [
            "config/packages/validator.yaml"
        ]
    },
    "symfony/webpack-encore-bundle": {
        "version": "2.2",
        "recipe": {
            "repo": "github.com/symfony/recipes",
            "branch": "main",
            "version": "2.0",
            "ref": "35ee1edee91a1a7137095f53db7ed0c20884b745"
        },
        "files": [
            "assets/app.js",
            "assets/styles/app.css",
            "config/packages/webpack_encore.yaml",
            "package.json",
            "webpack.config.js"
        ]
    }
}
